
Microsoft Visual Studio Solution File, Format Version 12.00
# Visual Studio Version 17
VisualStudioVersion = 17.6.33712.159
MinimumVisualStudioVersion = 10.0.40219.1
Project("{8BC9CEB8-8B4A-11D0-8D11-00A0C91BC942}") = "usersim", "src\usersim.vcxproj", "{030A7AC6-14DC-45CF-AF34-891057AB1402}"
EndProject
Project("{8BC9CEB8-8B4A-11D0-8D11-00A0C91BC942}") = "setup_build", "setup_build\setup_build.vcxproj", "{BFB0C59A-3F15-4D80-A65F-9A9A6DCA3334}"
EndProject
Project("{8BC9CEB8-8B4A-11D0-8D11-00A0C91BC942}") = "sample", "sample\sample.vcxproj", "{C0640FCB-27E2-4C37-82C4-06B479C69F1F}"
EndProject
Project("{8BC9CEB8-8B4A-11D0-8D11-00A0C91BC942}") = "tests", "tests\tests.vcxproj", "{C7B63CA3-A0B8-4EE3-85C8-A17CB40440BF}"
EndProject
Global
	GlobalSection(SolutionConfigurationPlatforms) = preSolution
		Debug|ARM64 = Debug|ARM64
		Debug|x64 = Debug|x64
		Debug|x86 = Debug|x86
		MinSizeRel|ARM64 = MinSizeRel|ARM64
		MinSizeRel|x64 = MinSizeRel|x64
		MinSizeRel|x86 = MinSizeRel|x86
		Release|ARM64 = Release|ARM64
		Release|x64 = Release|x64
		Release|x86 = Release|x86
		RelWithDebInfo|ARM64 = RelWithDebInfo|ARM64
		RelWithDebInfo|x64 = RelWithDebInfo|x64
		RelWithDebInfo|x86 = RelWithDebInfo|x86
	EndGlobalSection
	GlobalSection(ProjectConfigurationPlatforms) = postSolution
		{030A7AC6-14DC-45CF-AF34-891057AB1402}.Debug|ARM64.ActiveCfg = Debug|x64
		{030A7AC6-14DC-45CF-AF34-891057AB1402}.Debug|ARM64.Build.0 = Debug|x64
		{030A7AC6-14DC-45CF-AF34-891057AB1402}.Debug|x64.ActiveCfg = Debug|x64
		{030A7AC6-14DC-45CF-AF34-891057AB1402}.Debug|x64.Build.0 = Debug|x64
		{030A7AC6-14DC-45CF-AF34-891057AB1402}.Debug|x86.ActiveCfg = Debug|Win32
		{030A7AC6-14DC-45CF-AF34-891057AB1402}.Debug|x86.Build.0 = Debug|Win32
		{030A7AC6-14DC-45CF-AF34-891057AB1402}.MinSizeRel|ARM64.ActiveCfg = FuzzerDebug|x64
		{030A7AC6-14DC-45CF-AF34-891057AB1402}.MinSizeRel|ARM64.Build.0 = FuzzerDebug|x64
		{030A7AC6-14DC-45CF-AF34-891057AB1402}.MinSizeRel|x64.ActiveCfg = FuzzerDebug|x64
		{030A7AC6-14DC-45CF-AF34-891057AB1402}.MinSizeRel|x64.Build.0 = FuzzerDebug|x64
		{030A7AC6-14DC-45CF-AF34-891057AB1402}.MinSizeRel|x86.ActiveCfg = FuzzerDebug|Win32
		{030A7AC6-14DC-45CF-AF34-891057AB1402}.MinSizeRel|x86.Build.0 = FuzzerDebug|Win32
		{030A7AC6-14DC-45CF-AF34-891057AB1402}.Release|ARM64.ActiveCfg = Release|x64
		{030A7AC6-14DC-45CF-AF34-891057AB1402}.Release|ARM64.Build.0 = Release|x64
		{030A7AC6-14DC-45CF-AF34-891057AB1402}.Release|x64.ActiveCfg = Release|x64
		{030A7AC6-14DC-45CF-AF34-891057AB1402}.Release|x64.Build.0 = Release|x64
		{030A7AC6-14DC-45CF-AF34-891057AB1402}.Release|x86.ActiveCfg = Release|Win32
		{030A7AC6-14DC-45CF-AF34-891057AB1402}.Release|x86.Build.0 = Release|Win32
		{030A7AC6-14DC-45CF-AF34-891057AB1402}.RelWithDebInfo|ARM64.ActiveCfg = Release|x64
		{030A7AC6-14DC-45CF-AF34-891057AB1402}.RelWithDebInfo|ARM64.Build.0 = Release|x64
		{030A7AC6-14DC-45CF-AF34-891057AB1402}.RelWithDebInfo|x64.ActiveCfg = Release|x64
		{030A7AC6-14DC-45CF-AF34-891057AB1402}.RelWithDebInfo|x64.Build.0 = Release|x64
		{030A7AC6-14DC-45CF-AF34-891057AB1402}.RelWithDebInfo|x86.ActiveCfg = Release|Win32
		{030A7AC6-14DC-45CF-AF34-891057AB1402}.RelWithDebInfo|x86.Build.0 = Release|Win32
		{BFB0C59A-3F15-4D80-A65F-9A9A6DCA3334}.Debug|ARM64.ActiveCfg = Debug|x64
		{BFB0C59A-3F15-4D80-A65F-9A9A6DCA3334}.Debug|ARM64.Build.0 = Debug|x64
		{BFB0C59A-3F15-4D80-A65F-9A9A6DCA3334}.Debug|x64.ActiveCfg = Debug|x64
		{BFB0C59A-3F15-4D80-A65F-9A9A6DCA3334}.Debug|x64.Build.0 = Debug|x64
		{BFB0C59A-3F15-4D80-A65F-9A9A6DCA3334}.Debug|x86.ActiveCfg = Debug|Win32
		{BFB0C59A-3F15-4D80-A65F-9A9A6DCA3334}.Debug|x86.Build.0 = Debug|Win32
		{BFB0C59A-3F15-4D80-A65F-9A9A6DCA3334}.MinSizeRel|ARM64.ActiveCfg = Release|x64
		{BFB0C59A-3F15-4D80-A65F-9A9A6DCA3334}.MinSizeRel|ARM64.Build.0 = Release|x64
		{BFB0C59A-3F15-4D80-A65F-9A9A6DCA3334}.MinSizeRel|x64.ActiveCfg = Release|x64
		{BFB0C59A-3F15-4D80-A65F-9A9A6DCA3334}.MinSizeRel|x64.Build.0 = Release|x64
		{BFB0C59A-3F15-4D80-A65F-9A9A6DCA3334}.MinSizeRel|x86.ActiveCfg = Release|Win32
		{BFB0C59A-3F15-4D80-A65F-9A9A6DCA3334}.MinSizeRel|x86.Build.0 = Release|Win32
		{BFB0C59A-3F15-4D80-A65F-9A9A6DCA3334}.Release|ARM64.ActiveCfg = Release|x64
		{BFB0C59A-3F15-4D80-A65F-9A9A6DCA3334}.Release|ARM64.Build.0 = Release|x64
		{BFB0C59A-3F15-4D80-A65F-9A9A6DCA3334}.Release|x64.ActiveCfg = Release|x64
		{BFB0C59A-3F15-4D80-A65F-9A9A6DCA3334}.Release|x64.Build.0 = Release|x64
		{BFB0C59A-3F15-4D80-A65F-9A9A6DCA3334}.Release|x86.ActiveCfg = Release|Win32
		{BFB0C59A-3F15-4D80-A65F-9A9A6DCA3334}.Release|x86.Build.0 = Release|Win32
		{BFB0C59A-3F15-4D80-A65F-9A9A6DCA3334}.RelWithDebInfo|ARM64.ActiveCfg = Release|x64
		{BFB0C59A-3F15-4D80-A65F-9A9A6DCA3334}.RelWithDebInfo|ARM64.Build.0 = Release|x64
		{BFB0C59A-3F15-4D80-A65F-9A9A6DCA3334}.RelWithDebInfo|x64.ActiveCfg = Release|x64
		{BFB0C59A-3F15-4D80-A65F-9A9A6DCA3334}.RelWithDebInfo|x64.Build.0 = Release|x64
		{BFB0C59A-3F15-4D80-A65F-9A9A6DCA3334}.RelWithDebInfo|x86.ActiveCfg = Release|Win32
		{BFB0C59A-3F15-4D80-A65F-9A9A6DCA3334}.RelWithDebInfo|x86.Build.0 = Release|Win32
		{C0640FCB-27E2-4C37-82C4-06B479C69F1F}.Debug|ARM64.ActiveCfg = Debug|ARM64
		{C0640FCB-27E2-4C37-82C4-06B479C69F1F}.Debug|ARM64.Build.0 = Debug|ARM64
		{C0640FCB-27E2-4C37-82C4-06B479C69F1F}.Debug|ARM64.Deploy.0 = Debug|ARM64
		{C0640FCB-27E2-4C37-82C4-06B479C69F1F}.Debug|x64.ActiveCfg = Debug|x64
		{C0640FCB-27E2-4C37-82C4-06B479C69F1F}.Debug|x64.Build.0 = Debug|x64
		{C0640FCB-27E2-4C37-82C4-06B479C69F1F}.Debug|x64.Deploy.0 = Debug|x64
		{C0640FCB-27E2-4C37-82C4-06B479C69F1F}.Debug|x86.ActiveCfg = Debug|x64
		{C0640FCB-27E2-4C37-82C4-06B479C69F1F}.Debug|x86.Build.0 = Debug|x64
		{C0640FCB-27E2-4C37-82C4-06B479C69F1F}.Debug|x86.Deploy.0 = Debug|x64
		{C0640FCB-27E2-4C37-82C4-06B479C69F1F}.MinSizeRel|ARM64.ActiveCfg = Release|ARM64
		{C0640FCB-27E2-4C37-82C4-06B479C69F1F}.MinSizeRel|ARM64.Build.0 = Release|ARM64
		{C0640FCB-27E2-4C37-82C4-06B479C69F1F}.MinSizeRel|ARM64.Deploy.0 = Release|ARM64
		{C0640FCB-27E2-4C37-82C4-06B479C69F1F}.MinSizeRel|x64.ActiveCfg = Release|x64
		{C0640FCB-27E2-4C37-82C4-06B479C69F1F}.MinSizeRel|x64.Build.0 = Release|x64
		{C0640FCB-27E2-4C37-82C4-06B479C69F1F}.MinSizeRel|x86.ActiveCfg = Release|x64
		{C0640FCB-27E2-4C37-82C4-06B479C69F1F}.MinSizeRel|x86.Build.0 = Release|x64
		{C0640FCB-27E2-4C37-82C4-06B479C69F1F}.Release|ARM64.ActiveCfg = Release|ARM64
		{C0640FCB-27E2-4C37-82C4-06B479C69F1F}.Release|ARM64.Build.0 = Release|ARM64
		{C0640FCB-27E2-4C37-82C4-06B479C69F1F}.Release|ARM64.Deploy.0 = Release|ARM64
		{C0640FCB-27E2-4C37-82C4-06B479C69F1F}.Release|x64.ActiveCfg = Release|x64
		{C0640FCB-27E2-4C37-82C4-06B479C69F1F}.Release|x64.Build.0 = Release|x64
		{C0640FCB-27E2-4C37-82C4-06B479C69F1F}.Release|x64.Deploy.0 = Release|x64
		{C0640FCB-27E2-4C37-82C4-06B479C69F1F}.Release|x86.ActiveCfg = Release|x64
		{C0640FCB-27E2-4C37-82C4-06B479C69F1F}.Release|x86.Build.0 = Release|x64
		{C0640FCB-27E2-4C37-82C4-06B479C69F1F}.Release|x86.Deploy.0 = Release|x64
		{C0640FCB-27E2-4C37-82C4-06B479C69F1F}.RelWithDebInfo|ARM64.ActiveCfg = Release|ARM64
		{C0640FCB-27E2-4C37-82C4-06B479C69F1F}.RelWithDebInfo|ARM64.Build.0 = Release|ARM64
		{C0640FCB-27E2-4C37-82C4-06B479C69F1F}.RelWithDebInfo|ARM64.Deploy.0 = Release|ARM64
		{C0640FCB-27E2-4C37-82C4-06B479C69F1F}.RelWithDebInfo|x64.ActiveCfg = Release|x64
		{C0640FCB-27E2-4C37-82C4-06B479C69F1F}.RelWithDebInfo|x64.Build.0 = Release|x64
		{C0640FCB-27E2-4C37-82C4-06B479C69F1F}.RelWithDebInfo|x86.ActiveCfg = Release|x64
		{C0640FCB-27E2-4C37-82C4-06B479C69F1F}.RelWithDebInfo|x86.Build.0 = Release|x64
		{C7B63CA3-A0B8-4EE3-85C8-A17CB40440BF}.Debug|ARM64.ActiveCfg = Debug|x64
		{C7B63CA3-A0B8-4EE3-85C8-A17CB40440BF}.Debug|ARM64.Build.0 = Debug|x64
		{C7B63CA3-A0B8-4EE3-85C8-A17CB40440BF}.Debug|x64.ActiveCfg = Debug|x64
		{C7B63CA3-A0B8-4EE3-85C8-A17CB40440BF}.Debug|x64.Build.0 = Debug|x64
		{C7B63CA3-A0B8-4EE3-85C8-A17CB40440BF}.Debug|x86.ActiveCfg = Debug|Win32
		{C7B63CA3-A0B8-4EE3-85C8-A17CB40440BF}.Debug|x86.Build.0 = Debug|Win32
		{C7B63CA3-A0B8-4EE3-85C8-A17CB40440BF}.MinSizeRel|ARM64.ActiveCfg = Debug|x64
		{C7B63CA3-A0B8-4EE3-85C8-A17CB40440BF}.MinSizeRel|ARM64.Build.0 = Debug|x64
		{C7B63CA3-A0B8-4EE3-85C8-A17CB40440BF}.MinSizeRel|x64.ActiveCfg = Debug|x64
		{C7B63CA3-A0B8-4EE3-85C8-A17CB40440BF}.MinSizeRel|x64.Build.0 = Debug|x64
		{C7B63CA3-A0B8-4EE3-85C8-A17CB40440BF}.MinSizeRel|x86.ActiveCfg = Debug|Win32
		{C7B63CA3-A0B8-4EE3-85C8-A17CB40440BF}.MinSizeRel|x86.Build.0 = Debug|Win32
		{C7B63CA3-A0B8-4EE3-85C8-A17CB40440BF}.Release|ARM64.ActiveCfg = Release|x64
		{C7B63CA3-A0B8-4EE3-85C8-A17CB40440BF}.Release|ARM64.Build.0 = Release|x64
		{C7B63CA3-A0B8-4EE3-85C8-A17CB40440BF}.Release|x64.ActiveCfg = Release|x64
		{C7B63CA3-A0B8-4EE3-85C8-A17CB40440BF}.Release|x64.Build.0 = Release|x64
		{C7B63CA3-A0B8-4EE3-85C8-A17CB40440BF}.Release|x86.ActiveCfg = Release|Win32
		{C7B63CA3-A0B8-4EE3-85C8-A17CB40440BF}.Release|x86.Build.0 = Release|Win32
		{C7B63CA3-A0B8-4EE3-85C8-A17CB40440BF}.RelWithDebInfo|ARM64.ActiveCfg = Release|x64
		{C7B63CA3-A0B8-4EE3-85C8-A17CB40440BF}.RelWithDebInfo|ARM64.Build.0 = Release|x64
		{C7B63CA3-A0B8-4EE3-85C8-A17CB40440BF}.RelWithDebInfo|x64.ActiveCfg = Release|x64
		{C7B63CA3-A0B8-4EE3-85C8-A17CB40440BF}.RelWithDebInfo|x64.Build.0 = Release|x64
		{C7B63CA3-A0B8-4EE3-85C8-A17CB40440BF}.RelWithDebInfo|x86.ActiveCfg = Release|Win32
		{C7B63CA3-A0B8-4EE3-85C8-A17CB40440BF}.RelWithDebInfo|x86.Build.0 = Release|Win32
	EndGlobalSection
	GlobalSection(SolutionProperties) = preSolution
		HideSolutionNode = FALSE
	EndGlobalSection
	GlobalSection(ExtensibilityGlobals) = postSolution
		SolutionGuid = {716145BC-9574-4136-BB12-1D5AAB71FF20}
	EndGlobalSection
EndGlobal
