<?xml version="1.0" encoding="utf-8"?>
<Project ToolsVersion="4.0" xmlns="http://schemas.microsoft.com/developer/msbuild/2003">
  <ItemGroup>
    <Filter Include="Source Files">
      <UniqueIdentifier>{4FC737F1-C7A5-4376-A066-2A32D752A2FF}</UniqueIdentifier>
      <Extensions>cpp;c;cc;cxx;c++;cppm;ixx;def;odl;idl;hpj;bat;asm;asmx</Extensions>
    </Filter>
    <Filter Include="Header Files">
      <UniqueIdentifier>{93995380-89BD-4b04-88EB-625FBE52EBFB}</UniqueIdentifier>
      <Extensions>h;hh;hpp;hxx;h++;hm;inl;inc;ipp;xsd</Extensions>
    </Filter>
    <Filter Include="Resource Files">
      <UniqueIdentifier>{67DA6AB6-F800-4c08-8B7A-83BB121AAD01}</UniqueIdentifier>
      <Extensions>rc;ico;cur;bmp;dlg;rc2;rct;bin;rgs;gif;jpg;jpeg;jpe;resx;tiff;tif;png;wav;mfcribbon-ms</Extensions>
    </Filter>
  </ItemGroup>
  <ItemGroup>
    <ClCompile Include="fwp_um.cpp">
      <Filter>Source Files</Filter>
    </ClCompile>
    <ClCompile Include="kernel_um.cpp">
      <Filter>Source Files</Filter>
    </ClCompile>
    <ClCompile Include="ndis_um.cpp">
      <Filter>Source Files</Filter>
    </ClCompile>
    <ClCompile Include="nmr_impl.cpp">
      <Filter>Source Files</Filter>
    </ClCompile>
    <ClCompile Include="nmr_um.cpp">
      <Filter>Source Files</Filter>
    </ClCompile>
    <ClCompile Include="platform_user.cpp">
      <Filter>Source Files</Filter>
    </ClCompile>
    <ClCompile Include="tracelog.c">
      <Filter>Source Files</Filter>
    </ClCompile>
    <ClCompile Include="ke.cpp">
      <Filter>Source Files</Filter>
    </ClCompile>
    <ClCompile Include="io.cpp">
      <Filter>Source Files</Filter>
    </ClCompile>
    <ClCompile Include="mm.cpp">
      <Filter>Source Files</Filter>
    </ClCompile>
    <ClCompile Include="rtl.cpp">
      <Filter>Source Files</Filter>
    </ClCompile>
    <ClCompile Include="ps.cpp">
      <Filter>Source Files</Filter>
    </ClCompile>
    <ClCompile Include="se.cpp">
      <Filter>Source Files</Filter>
    </ClCompile>
    <ClCompile Include="ex.cpp">
      <Filter>Source Files</Filter>
    </ClCompile>
    <ClCompile Include="wdf.cpp">
      <Filter>Source Files</Filter>
    </ClCompile>
    <ClCompile Include="dllmain.cpp">
      <Filter>Source Files</Filter>
    </ClCompile>
    <ClCompile Include="etw.cpp">
      <Filter>Source Files</Filter>
    </ClCompile>
    <ClCompile Include="ob.cpp">
      <Filter>Source Files</Filter>
    </ClCompile>
    <ClCompile Include="zw.cpp">
      <Filter>Source Files</Filter>
    </ClCompile>
  </ItemGroup>
  <ItemGroup>
    <ClInclude Include="fwp_um.h">
      <Filter>Header Files</Filter>
    </ClInclude>
    <ClInclude Include="kernel_um.h">
      <Filter>Header Files</Filter>
    </ClInclude>
    <ClInclude Include="nmr_impl.h">
      <Filter>Header Files</Filter>
    </ClInclude>
    <ClInclude Include="fault_injection.h">
      <Filter>Header Files</Filter>
    </ClInclude>
    <ClInclude Include="net_platform.h">
      <Filter>Header Files</Filter>
    </ClInclude>
    <ClInclude Include="leak_detector.h">
      <Filter>Header Files</Filter>
    </ClInclude>
    <ClInclude Include="tracelog.h">
      <Filter>Header Files</Filter>
    </ClInclude>
    <ClInclude Include="..\inc\usersim\ex.h">
      <Filter>Header Files</Filter>
    </ClInclude>
    <ClInclude Include="..\inc\usersim\io.h">
      <Filter>Header Files</Filter>
    </ClInclude>
    <ClInclude Include="..\inc\usersim\ke.h">
      <Filter>Header Files</Filter>
    </ClInclude>
    <ClInclude Include="..\inc\usersim\mm.h">
      <Filter>Header Files</Filter>
    </ClInclude>
    <ClInclude Include="..\inc\usersim\ps.h">
      <Filter>Header Files</Filter>
    </ClInclude>
    <ClInclude Include="..\inc\usersim\se.h">
      <Filter>Header Files</Filter>
    </ClInclude>
    <ClInclude Include="ndis.h">
      <Filter>Header Files</Filter>
    </ClInclude>
    <ClInclude Include="..\inc\usersim\rtl.h">
      <Filter>Header Files</Filter>
    </ClInclude>
    <ClInclude Include="framework.h">
      <Filter>Header Files</Filter>
    </ClInclude>
    <ClInclude Include="platform.h">
      <Filter>Header Files</Filter>
    </ClInclude>
    <ClInclude Include="..\inc\TraceLoggingProvider.h">
      <Filter>Header Files</Filter>
    </ClInclude>
    <ClInclude Include="..\inc\usersim\common.h">
      <Filter>Header Files</Filter>
    </ClInclude>
    <ClInclude Include="..\inc\usersim\fwp_test.h">
      <Filter>Header Files</Filter>
    </ClInclude>
    <ClInclude Include="..\inc\usersim\wdf.h">
      <Filter>Header Files</Filter>
    </ClInclude>
    <ClInclude Include="..\inc\usersim\etw.h">
      <Filter>Header Files</Filter>
    </ClInclude>
    <ClInclude Include="..\inc\usersim\ob.h">
      <Filter>Header Files</Filter>
    </ClInclude>
    <ClInclude Include="..\inc\usersim\zw.h">
      <Filter>Header Files</Filter>
    </ClInclude>
    <ClInclude Include="tags.h">
      <Filter>Header Files</Filter>
    </ClInclude>
  </ItemGroup>
  <ItemGroup>
    <None Include="Source.def">
      <Filter>Source Files</Filter>
    </None>
  </ItemGroup>
</Project>